
Microsoft Visual Studio Solution File, Format Version 12.00
# Visual Studio Version 17
VisualStudioVersion = 17.8.34330.188
MinimumVisualStudioVersion = 10.0.40219.1
Project("{9A19103F-16F7-4668-BE54-9A1E7A4F7556}") = "ConsoleClient", "ConsoleClient\ConsoleClient.csproj", "{0E62FE7E-4284-4C2A-BF8A-64FD091032C4}"
EndProject
Project("{9A19103F-16F7-4668-BE54-9A1E7A4F7556}") = "UnitTests", "UnitTests\UnitTests.csproj", "{91B85BAC-F132-4F4D-AD7F-8464EDEEA3FC}"
EndProject
Project("{FAE04EC0-301F-11D3-BF4B-00C04F79EFBC}") = "BlazorClient", "BlazorClient\BlazorClient.csproj", "{015A914F-319E-462D-AC12-1BA13584EF7B}"
EndProject
Project("{2150E333-8FDC-42A3-9474-1A3956D46DE8}") = "Frontend", "Frontend", "{9DC747C2-4A65-4849-AEA6-5449621E1B4E}"
EndProject
Project("{2150E333-8FDC-42A3-9474-1A3956D46DE8}") = "Backend", "Backend", "{F345559F-0EA5-4E48-8D79-D97547F1C92E}"
EndProject
Project("{FAE04EC0-301F-11D3-BF4B-00C04F79EFBC}") = "Backend", "Backend\Backend.csproj", "{C0D64504-2D3B-402D-BF6D-0818D97F10AF}"
EndProject
Project("{2150E333-8FDC-42A3-9474-1A3956D46DE8}") = "CrossCutting", "CrossCutting", "{959C8C64-9717-419F-B051-F708C3AEE7AC}"
EndProject
Project("{FAE04EC0-301F-11D3-BF4B-00C04F79EFBC}") = "CrossCutting", "CrossCutting\CrossCutting.csproj", "{60C20190-DE17-4F3F-9AC4-F23CBA387B83}"
EndProject
Project("{FAE04EC0-301F-11D3-BF4B-00C04F79EFBC}") = "ServiceClient", "ServiceClient\ServiceClient.csproj", "{0C345CB3-E311-4E97-8B43-BFBFB2F7D2A0}"
EndProject
Global
	GlobalSection(SolutionConfigurationPlatforms) = preSolution
		Debug|Any CPU = Debug|Any CPU
		Release|Any CPU = Release|Any CPU
	EndGlobalSection
	GlobalSection(ProjectConfigurationPlatforms) = postSolution
		{0E62FE7E-4284-4C2A-BF8A-64FD091032C4}.Debug|Any CPU.ActiveCfg = Debug|Any CPU
		{0E62FE7E-4284-4C2A-BF8A-64FD091032C4}.Debug|Any CPU.Build.0 = Debug|Any CPU
		{0E62FE7E-4284-4C2A-BF8A-64FD091032C4}.Release|Any CPU.ActiveCfg = Release|Any CPU
		{0E62FE7E-4284-4C2A-BF8A-64FD091032C4}.Release|Any CPU.Build.0 = Release|Any CPU
		{91B85BAC-F132-4F4D-AD7F-8464EDEEA3FC}.Debug|Any CPU.ActiveCfg = Debug|Any CPU
		{91B85BAC-F132-4F4D-AD7F-8464EDEEA3FC}.Debug|Any CPU.Build.0 = Debug|Any CPU
		{91B85BAC-F132-4F4D-AD7F-8464EDEEA3FC}.Release|Any CPU.ActiveCfg = Release|Any CPU
		{91B85BAC-F132-4F4D-AD7F-8464EDEEA3FC}.Release|Any CPU.Build.0 = Release|Any CPU
		{015A914F-319E-462D-AC12-1BA13584EF7B}.Debug|Any CPU.ActiveCfg = Debug|Any CPU
		{015A914F-319E-462D-AC12-1BA13584EF7B}.Debug|Any CPU.Build.0 = Debug|Any CPU
		{015A914F-319E-462D-AC12-1BA13584EF7B}.Release|Any CPU.ActiveCfg = Release|Any CPU
		{015A914F-319E-462D-AC12-1BA13584EF7B}.Release|Any CPU.Build.0 = Release|Any CPU
		{C0D64504-2D3B-402D-BF6D-0818D97F10AF}.Debug|Any CPU.ActiveCfg = Debug|Any CPU
		{C0D64504-2D3B-402D-BF6D-0818D97F10AF}.Debug|Any CPU.Build.0 = Debug|Any CPU
		{C0D64504-2D3B-402D-BF6D-0818D97F10AF}.Release|Any CPU.ActiveCfg = Release|Any CPU
		{C0D64504-2D3B-402D-BF6D-0818D97F10AF}.Release|Any CPU.Build.0 = Release|Any CPU
		{60C20190-DE17-4F3F-9AC4-F23CBA387B83}.Debug|Any CPU.ActiveCfg = Debug|Any CPU
		{60C20190-DE17-4F3F-9AC4-F23CBA387B83}.Debug|Any CPU.Build.0 = Debug|Any CPU
		{60C20190-DE17-4F3F-9AC4-F23CBA387B83}.Release|Any CPU.ActiveCfg = Release|Any CPU
		{60C20190-DE17-4F3F-9AC4-F23CBA387B83}.Release|Any CPU.Build.0 = Release|Any CPU
		{0C345CB3-E311-4E97-8B43-BFBFB2F7D2A0}.Debug|Any CPU.ActiveCfg = Debug|Any CPU
		{0C345CB3-E311-4E97-8B43-BFBFB2F7D2A0}.Debug|Any CPU.Build.0 = Debug|Any CPU
		{0C345CB3-E311-4E97-8B43-BFBFB2F7D2A0}.Release|Any CPU.ActiveCfg = Release|Any CPU
		{0C345CB3-E311-4E97-8B43-BFBFB2F7D2A0}.Release|Any CPU.Build.0 = Release|Any CPU
	EndGlobalSection
	GlobalSection(SolutionProperties) = preSolution
		HideSolutionNode = FALSE
	EndGlobalSection
	GlobalSection(NestedProjects) = preSolution
		{0E62FE7E-4284-4C2A-BF8A-64FD091032C4} = {9DC747C2-4A65-4849-AEA6-5449621E1B4E}
		{015A914F-319E-462D-AC12-1BA13584EF7B} = {9DC747C2-4A65-4849-AEA6-5449621E1B4E}
		{C0D64504-2D3B-402D-BF6D-0818D97F10AF} = {F345559F-0EA5-4E48-8D79-D97547F1C92E}
		{60C20190-DE17-4F3F-9AC4-F23CBA387B83} = {959C8C64-9717-419F-B051-F708C3AEE7AC}
		{0C345CB3-E311-4E97-8B43-BFBFB2F7D2A0} = {9DC747C2-4A65-4849-AEA6-5449621E1B4E}
	EndGlobalSection
	GlobalSection(ExtensibilityGlobals) = postSolution
		SolutionGuid = {99D11A41-3ED1-452E-A9FA-476D29123537}
	EndGlobalSection
EndGlobal
