
Microsoft Visual Studio Solution File, Format Version 12.00
# Visual Studio Version 17
VisualStudioVersion = 17.8.34330.188
MinimumVisualStudioVersion = 10.0.40219.1
Project("{9A19103F-16F7-4668-BE54-9A1E7A4F7556}") = "ConsoleClient", "ConsoleClient\ConsoleClient.csproj", "{0E62FE7E-4284-4C2A-BF8A-64FD091032C4}"
EndProject
Project("{9A19103F-16F7-4668-BE54-9A1E7A4F7556}") = "UnitTests", "UnitTests\UnitTests.csproj", "{91B85BAC-F132-4F4D-AD7F-8464EDEEA3FC}"
EndProject
Project("{9A19103F-16F7-4668-BE54-9A1E7A4F7556}") = "Abhängigkeiten", "Abhängigkeiten\Abhängigkeiten.csproj", "{36CD6391-B79E-487B-93E9-138EEEBBD397}"
EndProject
Project("{2150E333-8FDC-42A3-9474-1A3956D46DE8}") = "UnitTestDemo", "UnitTestDemo", "{C7657DBB-FD2F-463B-A89E-33CA207C9420}"
EndProject
Project("{FAE04EC0-301F-11D3-BF4B-00C04F79EFBC}") = "UnitTestConsole", "UnitTestConsole\UnitTestConsole.csproj", "{5459FE0D-F436-4976-AD7E-37AF754E01D5}"
EndProject
Project("{FAE04EC0-301F-11D3-BF4B-00C04F79EFBC}") = "UnitTests2", "UnitTests2\UnitTests2.csproj", "{B762B049-B9EC-4398-AFCE-304B5ED5E981}"
EndProject
Global
	GlobalSection(SolutionConfigurationPlatforms) = preSolution
		Debug|Any CPU = Debug|Any CPU
		Release|Any CPU = Release|Any CPU
	EndGlobalSection
	GlobalSection(ProjectConfigurationPlatforms) = postSolution
		{0E62FE7E-4284-4C2A-BF8A-64FD091032C4}.Debug|Any CPU.ActiveCfg = Debug|Any CPU
		{0E62FE7E-4284-4C2A-BF8A-64FD091032C4}.Debug|Any CPU.Build.0 = Debug|Any CPU
		{0E62FE7E-4284-4C2A-BF8A-64FD091032C4}.Release|Any CPU.ActiveCfg = Release|Any CPU
		{0E62FE7E-4284-4C2A-BF8A-64FD091032C4}.Release|Any CPU.Build.0 = Release|Any CPU
		{91B85BAC-F132-4F4D-AD7F-8464EDEEA3FC}.Debug|Any CPU.ActiveCfg = Debug|Any CPU
		{91B85BAC-F132-4F4D-AD7F-8464EDEEA3FC}.Debug|Any CPU.Build.0 = Debug|Any CPU
		{91B85BAC-F132-4F4D-AD7F-8464EDEEA3FC}.Release|Any CPU.ActiveCfg = Release|Any CPU
		{91B85BAC-F132-4F4D-AD7F-8464EDEEA3FC}.Release|Any CPU.Build.0 = Release|Any CPU
		{36CD6391-B79E-487B-93E9-138EEEBBD397}.Debug|Any CPU.ActiveCfg = Debug|Any CPU
		{36CD6391-B79E-487B-93E9-138EEEBBD397}.Debug|Any CPU.Build.0 = Debug|Any CPU
		{36CD6391-B79E-487B-93E9-138EEEBBD397}.Release|Any CPU.ActiveCfg = Release|Any CPU
		{36CD6391-B79E-487B-93E9-138EEEBBD397}.Release|Any CPU.Build.0 = Release|Any CPU
		{5459FE0D-F436-4976-AD7E-37AF754E01D5}.Debug|Any CPU.ActiveCfg = Debug|Any CPU
		{5459FE0D-F436-4976-AD7E-37AF754E01D5}.Debug|Any CPU.Build.0 = Debug|Any CPU
		{5459FE0D-F436-4976-AD7E-37AF754E01D5}.Release|Any CPU.ActiveCfg = Release|Any CPU
		{5459FE0D-F436-4976-AD7E-37AF754E01D5}.Release|Any CPU.Build.0 = Release|Any CPU
		{B762B049-B9EC-4398-AFCE-304B5ED5E981}.Debug|Any CPU.ActiveCfg = Debug|Any CPU
		{B762B049-B9EC-4398-AFCE-304B5ED5E981}.Debug|Any CPU.Build.0 = Debug|Any CPU
		{B762B049-B9EC-4398-AFCE-304B5ED5E981}.Release|Any CPU.ActiveCfg = Release|Any CPU
		{B762B049-B9EC-4398-AFCE-304B5ED5E981}.Release|Any CPU.Build.0 = Release|Any CPU
	EndGlobalSection
	GlobalSection(SolutionProperties) = preSolution
		HideSolutionNode = FALSE
	EndGlobalSection
	GlobalSection(NestedProjects) = preSolution
		{5459FE0D-F436-4976-AD7E-37AF754E01D5} = {C7657DBB-FD2F-463B-A89E-33CA207C9420}
		{B762B049-B9EC-4398-AFCE-304B5ED5E981} = {C7657DBB-FD2F-463B-A89E-33CA207C9420}
	EndGlobalSection
	GlobalSection(ExtensibilityGlobals) = postSolution
		SolutionGuid = {99D11A41-3ED1-452E-A9FA-476D29123537}
	EndGlobalSection
EndGlobal
